
Microsoft Visual Studio Solution File, Format Version 12.00
# Visual Studio Version 17
VisualStudioVersion = 17.11.35312.102
MinimumVisualStudioVersion = 10.0.40219.1
Project("{FAE04EC0-301F-11D3-BF4B-00C04F79EFBC}") = "test", "test.csproj", "{ED303896-C9B5-4583-8D58-7A7B0F4EAA86}"
EndProject
Global
	GlobalSection(SolutionConfigurationPlatforms) = preSolution
		Debug|Any CPU = Debug|Any CPU
		Release|Any CPU = Release|Any CPU
	EndGlobalSection
	GlobalSection(ProjectConfigurationPlatforms) = postSolution
		{ED303896-C9B5-4583-8D58-7A7B0F4EAA86}.Debug|Any CPU.ActiveCfg = Debug|Any CPU
		{ED303896-C9B5-4583-8D58-7A7B0F4EAA86}.Debug|Any CPU.Build.0 = Debug|Any CPU
		{ED303896-C9B5-4583-8D58-7A7B0F4EAA86}.Release|Any CPU.ActiveCfg = Release|Any CPU
		{ED303896-C9B5-4583-8D58-7A7B0F4EAA86}.Release|Any CPU.Build.0 = Release|Any CPU
	EndGlobalSection
	GlobalSection(SolutionProperties) = preSolution
		HideSolutionNode = FALSE
	EndGlobalSection
	GlobalSection(ExtensibilityGlobals) = postSolution
		SolutionGuid = {539339E2-100B-4697-8BFA-3D718C0E1079}
	EndGlobalSection
EndGlobal
